
Microsoft Visual Studio Solution File, Format Version 12.00
# Visual Studio Version 16
VisualStudioVersion = 16.0.28803.202
MinimumVisualStudioVersion = 10.0.40219.1
Project("{FAE04EC0-301F-11D3-BF4B-00C04F79EFBC}") = "TrainWatcher.Core", "TrainWatcher.Core\TrainWatcher.Core.csproj", "{D74689C2-C9A4-4766-BCCA-FE2E39F85DDC}"
EndProject
Global
	GlobalSection(SolutionConfigurationPlatforms) = preSolution
		Debug|Any CPU = Debug|Any CPU
		Release|Any CPU = Release|Any CPU
	EndGlobalSection
	GlobalSection(ProjectConfigurationPlatforms) = postSolution
		{D74689C2-C9A4-4766-BCCA-FE2E39F85DDC}.Debug|Any CPU.ActiveCfg = Debug|Any CPU
		{D74689C2-C9A4-4766-BCCA-FE2E39F85DDC}.Debug|Any CPU.Build.0 = Debug|Any CPU
		{D74689C2-C9A4-4766-BCCA-FE2E39F85DDC}.Release|Any CPU.ActiveCfg = Release|Any CPU
		{D74689C2-C9A4-4766-BCCA-FE2E39F85DDC}.Release|Any CPU.Build.0 = Release|Any CPU
	EndGlobalSection
	GlobalSection(SolutionProperties) = preSolution
		HideSolutionNode = FALSE
	EndGlobalSection
	GlobalSection(ExtensibilityGlobals) = postSolution
		SolutionGuid = {60D5A3B3-4527-4428-94AB-6CD800DC1438}
	EndGlobalSection
EndGlobal
